
Microsoft Visual Studio Solution File, Format Version 12.00
# Visual Studio Version 16
VisualStudioVersion = 16.0.30320.27
MinimumVisualStudioVersion = 10.0.40219.1
Project("{FAE04EC0-301F-11D3-BF4B-00C04F79EFBC}") = "RazorPages", "RazorPages\RazorPages.csproj", "{6BC725DA-C2E2-411E-A566-BFD33B884CEB}"
EndProject
Project("{FAE04EC0-301F-11D3-BF4B-00C04F79EFBC}") = "MVC", "MVC\MVC.csproj", "{9487CDA0-293B-4D09-BFEF-67D7FEFDB1D3}"
EndProject
Project("{FAE04EC0-301F-11D3-BF4B-00C04F79EFBC}") = "API", "API\API.csproj", "{B03BA4FB-8761-43DE-B473-8B67280F54EA}"
EndProject
Project("{FAE04EC0-301F-11D3-BF4B-00C04F79EFBC}") = "BlazorServer", "BlazorServer\BlazorServer.csproj", "{DC76DE94-9D7E-4F89-BA8B-850D03D37E25}"
EndProject
Project("{FAE04EC0-301F-11D3-BF4B-00C04F79EFBC}") = "BlazorClient", "BlazorClient\BlazorClient.csproj", "{D1E286D9-48DE-49E1-9A8C-D572CB444F58}"
EndProject
Global
	GlobalSection(SolutionConfigurationPlatforms) = preSolution
		Debug|Any CPU = Debug|Any CPU
		Release|Any CPU = Release|Any CPU
	EndGlobalSection
	GlobalSection(ProjectConfigurationPlatforms) = postSolution
		{6BC725DA-C2E2-411E-A566-BFD33B884CEB}.Debug|Any CPU.ActiveCfg = Debug|Any CPU
		{6BC725DA-C2E2-411E-A566-BFD33B884CEB}.Debug|Any CPU.Build.0 = Debug|Any CPU
		{6BC725DA-C2E2-411E-A566-BFD33B884CEB}.Release|Any CPU.ActiveCfg = Release|Any CPU
		{6BC725DA-C2E2-411E-A566-BFD33B884CEB}.Release|Any CPU.Build.0 = Release|Any CPU
		{9487CDA0-293B-4D09-BFEF-67D7FEFDB1D3}.Debug|Any CPU.ActiveCfg = Debug|Any CPU
		{9487CDA0-293B-4D09-BFEF-67D7FEFDB1D3}.Debug|Any CPU.Build.0 = Debug|Any CPU
		{9487CDA0-293B-4D09-BFEF-67D7FEFDB1D3}.Release|Any CPU.ActiveCfg = Release|Any CPU
		{9487CDA0-293B-4D09-BFEF-67D7FEFDB1D3}.Release|Any CPU.Build.0 = Release|Any CPU
		{B03BA4FB-8761-43DE-B473-8B67280F54EA}.Debug|Any CPU.ActiveCfg = Debug|Any CPU
		{B03BA4FB-8761-43DE-B473-8B67280F54EA}.Debug|Any CPU.Build.0 = Debug|Any CPU
		{B03BA4FB-8761-43DE-B473-8B67280F54EA}.Release|Any CPU.ActiveCfg = Release|Any CPU
		{B03BA4FB-8761-43DE-B473-8B67280F54EA}.Release|Any CPU.Build.0 = Release|Any CPU
		{DC76DE94-9D7E-4F89-BA8B-850D03D37E25}.Debug|Any CPU.ActiveCfg = Debug|Any CPU
		{DC76DE94-9D7E-4F89-BA8B-850D03D37E25}.Debug|Any CPU.Build.0 = Debug|Any CPU
		{DC76DE94-9D7E-4F89-BA8B-850D03D37E25}.Release|Any CPU.ActiveCfg = Release|Any CPU
		{DC76DE94-9D7E-4F89-BA8B-850D03D37E25}.Release|Any CPU.Build.0 = Release|Any CPU
		{D1E286D9-48DE-49E1-9A8C-D572CB444F58}.Debug|Any CPU.ActiveCfg = Debug|Any CPU
		{D1E286D9-48DE-49E1-9A8C-D572CB444F58}.Debug|Any CPU.Build.0 = Debug|Any CPU
		{D1E286D9-48DE-49E1-9A8C-D572CB444F58}.Release|Any CPU.ActiveCfg = Release|Any CPU
		{D1E286D9-48DE-49E1-9A8C-D572CB444F58}.Release|Any CPU.Build.0 = Release|Any CPU
	EndGlobalSection
	GlobalSection(SolutionProperties) = preSolution
		HideSolutionNode = FALSE
	EndGlobalSection
	GlobalSection(ExtensibilityGlobals) = postSolution
		SolutionGuid = {848FFC1E-825D-4973-BEA3-0F399EBCD6DD}
	EndGlobalSection
EndGlobal
